
Microsoft Visual Studio Solution File, Format Version 12.00
# Visual Studio 15
VisualStudioVersion = 15.0.28010.2016
MinimumVisualStudioVersion = 10.0.40219.1
Project("{FAE04EC0-301F-11D3-BF4B-00C04F79EFBC}") = "1714DBrandesex2f1", "1714DBrandesex2f1\1714DBrandesex2f1.csproj", "{74532FEA-EFAD-451C-8DD8-9CCD8280EC21}"
EndProject
Project("{2150E333-8FDC-42A3-9474-1A3956D46DE8}") = "Solution Items", "Solution Items", "{6E3940D2-D135-425F-9B49-76EFBCF086F2}"
	ProjectSection(SolutionItems) = preProject
		.gitattributes = .gitattributes
		.gitignore = .gitignore
	EndProjectSection
EndProject
Project("{FAE04EC0-301F-11D3-BF4B-00C04F79EFBC}") = "1714DBrandesex2h1", "..\1714DBrandes2h\1714DBrandesex2h1.csproj", "{FEC30BC8-6FF6-4C3E-9A73-BBF97E481D14}"
EndProject
Project("{FAE04EC0-301F-11D3-BF4B-00C04F79EFBC}") = "1714DBrandes2g", "..\..\1714DBrandes\1714DBrandes2g\1714DBrandes2g.csproj", "{44A690FA-EE9E-4170-AE3E-6C087B6215E9}"
EndProject
Project("{FAE04EC0-301F-11D3-BF4B-00C04F79EFBC}") = "1714DBrandesex3B1", "1714DBrandesex3B1\1714DBrandesex3B1.csproj", "{6189FFA2-7A96-4C48-816B-B36F602CFDEB}"
EndProject
Project("{FAE04EC0-301F-11D3-BF4B-00C04F79EFBC}") = "1714DBrandesex3B2", "1714DBrandesex3B2\1714DBrandesex3B2.csproj", "{18D76742-2F4F-44CC-9575-56C4AEE486C5}"
EndProject
Global
	GlobalSection(SolutionConfigurationPlatforms) = preSolution
		Debug|Any CPU = Debug|Any CPU
		Release|Any CPU = Release|Any CPU
	EndGlobalSection
	GlobalSection(ProjectConfigurationPlatforms) = postSolution
		{74532FEA-EFAD-451C-8DD8-9CCD8280EC21}.Debug|Any CPU.ActiveCfg = Debug|Any CPU
		{74532FEA-EFAD-451C-8DD8-9CCD8280EC21}.Release|Any CPU.ActiveCfg = Release|Any CPU
		{74532FEA-EFAD-451C-8DD8-9CCD8280EC21}.Release|Any CPU.Build.0 = Release|Any CPU
		{FEC30BC8-6FF6-4C3E-9A73-BBF97E481D14}.Debug|Any CPU.ActiveCfg = Debug|Any CPU
		{FEC30BC8-6FF6-4C3E-9A73-BBF97E481D14}.Release|Any CPU.ActiveCfg = Release|Any CPU
		{FEC30BC8-6FF6-4C3E-9A73-BBF97E481D14}.Release|Any CPU.Build.0 = Release|Any CPU
		{44A690FA-EE9E-4170-AE3E-6C087B6215E9}.Debug|Any CPU.ActiveCfg = Debug|Any CPU
		{44A690FA-EE9E-4170-AE3E-6C087B6215E9}.Release|Any CPU.ActiveCfg = Release|Any CPU
		{44A690FA-EE9E-4170-AE3E-6C087B6215E9}.Release|Any CPU.Build.0 = Release|Any CPU
		{6189FFA2-7A96-4C48-816B-B36F602CFDEB}.Debug|Any CPU.ActiveCfg = Debug|Any CPU
		{6189FFA2-7A96-4C48-816B-B36F602CFDEB}.Debug|Any CPU.Build.0 = Debug|Any CPU
		{6189FFA2-7A96-4C48-816B-B36F602CFDEB}.Release|Any CPU.ActiveCfg = Release|Any CPU
		{6189FFA2-7A96-4C48-816B-B36F602CFDEB}.Release|Any CPU.Build.0 = Release|Any CPU
		{18D76742-2F4F-44CC-9575-56C4AEE486C5}.Debug|Any CPU.ActiveCfg = Debug|Any CPU
		{18D76742-2F4F-44CC-9575-56C4AEE486C5}.Debug|Any CPU.Build.0 = Debug|Any CPU
		{18D76742-2F4F-44CC-9575-56C4AEE486C5}.Release|Any CPU.ActiveCfg = Release|Any CPU
		{18D76742-2F4F-44CC-9575-56C4AEE486C5}.Release|Any CPU.Build.0 = Release|Any CPU
	EndGlobalSection
	GlobalSection(SolutionProperties) = preSolution
		HideSolutionNode = FALSE
	EndGlobalSection
	GlobalSection(ExtensibilityGlobals) = postSolution
		SolutionGuid = {5F9E0A88-A60D-4815-823E-41FA1C0AEE9C}
	EndGlobalSection
EndGlobal
